// !$*UTF8*$!
{
	archiveVersion = 1;
	classes = {
	};
	objectVersion = 50;
	objects = {

/* Begin PBXBuildFile section */
		FD4AFC5A24612D0200CEBB3C /* WeatherManager.swift in Sources */ = {isa = PBXBuildFile; fileRef = FD4AFC5924612D0200CEBB3C /* WeatherManager.swift */; };
		FD4AFC5C246131C300CEBB3C /* WeatherModel.swift in Sources */ = {isa = PBXBuildFile; fileRef = FD4AFC5B246131C300CEBB3C /* WeatherModel.swift */; };
		FD4AFC5E246132ED00CEBB3C /* WeatherData.swift in Sources */ = {isa = PBXBuildFile; fileRef = FD4AFC5D246132ED00CEBB3C /* WeatherData.swift */; };
		FDEDF67F24609F8900E9C4AF /* AppDelegate.swift in Sources */ = {isa = PBXBuildFile; fileRef = FDEDF67E24609F8900E9C4AF /* AppDelegate.swift */; };
		FDEDF68124609F8900E9C4AF /* SceneDelegate.swift in Sources */ = {isa = PBXBuildFile; fileRef = FDEDF68024609F8900E9C4AF /* SceneDelegate.swift */; };
		FDEDF68324609F8900E9C4AF /* ViewController.swift in Sources */ = {isa = PBXBuildFile; fileRef = FDEDF68224609F8900E9C4AF /* ViewController.swift */; };
		FDEDF68624609F8900E9C4AF /* Main.storyboard in Resources */ = {isa = PBXBuildFile; fileRef = FDEDF68424609F8900E9C4AF /* Main.storyboard */; };
		FDEDF68824609F8B00E9C4AF /* Assets.xcassets in Resources */ = {isa = PBXBuildFile; fileRef = FDEDF68724609F8B00E9C4AF /* Assets.xcassets */; };
		FDEDF68B24609F8B00E9C4AF /* LaunchScreen.storyboard in Resources */ = {isa = PBXBuildFile; fileRef = FDEDF68924609F8B00E9C4AF /* LaunchScreen.storyboard */; };
/* End PBXBuildFile section */

/* Begin PBXFileReference section */
		FD4AFC5924612D0200CEBB3C /* WeatherManager.swift */ = {isa = PBXFileReference; lastKnownFileType = sourcecode.swift; path = WeatherManager.swift; sourceTree = "<group>"; };
		FD4AFC5B246131C300CEBB3C /* WeatherModel.swift */ = {isa = PBXFileReference; lastKnownFileType = sourcecode.swift; path = WeatherModel.swift; sourceTree = "<group>"; };
		FD4AFC5D246132ED00CEBB3C /* WeatherData.swift */ = {isa = PBXFileReference; lastKnownFileType = sourcecode.swift; path = WeatherData.swift; sourceTree = "<group>"; };
		FDEDF67B24609F8900E9C4AF /* Weatheria-iOS13.app */ = {isa = PBXFileReference; explicitFileType = wrapper.application; includeInIndex = 0; path = "Weatheria-iOS13.app"; sourceTree = BUILT_PRODUCTS_DIR; };
		FDEDF67E24609F8900E9C4AF /* AppDelegate.swift */ = {isa = PBXFileReference; lastKnownFileType = sourcecode.swift; path = AppDelegate.swift; sourceTree = "<group>"; };
		FDEDF68024609F8900E9C4AF /* SceneDelegate.swift */ = {isa = PBXFileReference; lastKnownFileType = sourcecode.swift; path = SceneDelegate.swift; sourceTree = "<group>"; };
		FDEDF68224609F8900E9C4AF /* ViewController.swift */ = {isa = PBXFileReference; lastKnownFileType = sourcecode.swift; path = ViewController.swift; sourceTree = "<group>"; };
		FDEDF68524609F8900E9C4AF /* Base */ = {isa = PBXFileReference; lastKnownFileType = file.storyboard; name = Base; path = Base.lproj/Main.storyboard; sourceTree = "<group>"; };
		FDEDF68724609F8B00E9C4AF /* Assets.xcassets */ = {isa = PBXFileReference; lastKnownFileType = folder.assetcatalog; path = Assets.xcassets; sourceTree = "<group>"; };
		FDEDF68A24609F8B00E9C4AF /* Base */ = {isa = PBXFileReference; lastKnownFileType = file.storyboard; name = Base; path = Base.lproj/LaunchScreen.storyboard; sourceTree = "<group>"; };
		FDEDF68C24609F8B00E9C4AF /* Info.plist */ = {isa = PBXFileReference; lastKnownFileType = text.plist.xml; path = Info.plist; sourceTree = "<group>"; };
/* End PBXFileReference section */

/* Begin PBXFrameworksBuildPhase section */
		FDEDF67824609F8900E9C4AF /* Frameworks */ = {
			isa = PBXFrameworksBuildPhase;
			buildActionMask = 2147483647;
			files = (
			);
			runOnlyForDeploymentPostprocessing = 0;
		};
/* End PBXFrameworksBuildPhase section */

/* Begin PBXGroup section */
		FD4AFC5824612C1700CEBB3C /* Model */ = {
			isa = PBXGroup;
			children = (
				FD4AFC5924612D0200CEBB3C /* WeatherManager.swift */,
				FD4AFC5B246131C300CEBB3C /* WeatherModel.swift */,
				FD4AFC5D246132ED00CEBB3C /* WeatherData.swift */,
			);
			path = Model;
			sourceTree = "<group>";
		};
		FDA538312461269200D88000 /* View */ = {
			isa = PBXGroup;
			children = (
				FDEDF68424609F8900E9C4AF /* Main.storyboard */,
			);
			path = View;
			sourceTree = "<group>";
		};
		FDA538322461269C00D88000 /* Controller */ = {
			isa = PBXGroup;
			children = (
				FDEDF68224609F8900E9C4AF /* ViewController.swift */,
			);
			path = Controller;
			sourceTree = "<group>";
		};
		FDEDF67224609F8900E9C4AF = {
			isa = PBXGroup;
			children = (
				FDEDF67D24609F8900E9C4AF /* Weatheria-iOS13 */,
				FDEDF67C24609F8900E9C4AF /* Products */,
			);
			sourceTree = "<group>";
		};
		FDEDF67C24609F8900E9C4AF /* Products */ = {
			isa = PBXGroup;
			children = (
				FDEDF67B24609F8900E9C4AF /* Weatheria-iOS13.app */,
			);
			name = Products;
			sourceTree = "<group>";
		};
		FDEDF67D24609F8900E9C4AF /* Weatheria-iOS13 */ = {
			isa = PBXGroup;
			children = (
				FDEDF67E24609F8900E9C4AF /* AppDelegate.swift */,
				FDEDF68024609F8900E9C4AF /* SceneDelegate.swift */,
				FD4AFC5824612C1700CEBB3C /* Model */,
				FDA538312461269200D88000 /* View */,
				FDA538322461269C00D88000 /* Controller */,
				FDEDF68724609F8B00E9C4AF /* Assets.xcassets */,
				FDEDF68924609F8B00E9C4AF /* LaunchScreen.storyboard */,
				FDEDF68C24609F8B00E9C4AF /* Info.plist */,
			);
			path = "Weatheria-iOS13";
			sourceTree = "<group>";
		};
/* End PBXGroup section */

/* Begin PBXNativeTarget section */
		FDEDF67A24609F8900E9C4AF /* Weatheria-iOS13 */ = {
			isa = PBXNativeTarget;
			buildConfigurationList = FDEDF68F24609F8B00E9C4AF /* Build configuration list for PBXNativeTarget "Weatheria-iOS13" */;
			buildPhases = (
				FDEDF67724609F8900E9C4AF /* Sources */,
				FDEDF67824609F8900E9C4AF /* Frameworks */,
				FDEDF67924609F8900E9C4AF /* Resources */,
			);
			buildRules = (
			);
			dependencies = (
			);
			name = "Weatheria-iOS13";
			productName = "Weatheria-iOS13";
			productReference = FDEDF67B24609F8900E9C4AF /* Weatheria-iOS13.app */;
			productType = "com.apple.product-type.application";
		};
/* End PBXNativeTarget section */

/* Begin PBXProject section */
		FDEDF67324609F8900E9C4AF /* Project object */ = {
			isa = PBXProject;
			attributes = {
				LastSwiftUpdateCheck = 1140;
				LastUpgradeCheck = 1140;
				ORGANIZATIONNAME = "Dandun Adi";
				TargetAttributes = {
					FDEDF67A24609F8900E9C4AF = {
						CreatedOnToolsVersion = 11.4.1;
					};
				};
			};
			buildConfigurationList = FDEDF67624609F8900E9C4AF /* Build configuration list for PBXProject "Weatheria-iOS13" */;
			compatibilityVersion = "Xcode 9.3";
			developmentRegion = en;
			hasScannedForEncodings = 0;
			knownRegions = (
				en,
				Base,
			);
			mainGroup = FDEDF67224609F8900E9C4AF;
			productRefGroup = FDEDF67C24609F8900E9C4AF /* Products */;
			projectDirPath = "";
			projectRoot = "";
			targets = (
				FDEDF67A24609F8900E9C4AF /* Weatheria-iOS13 */,
			);
		};
/* End PBXProject section */

/* Begin PBXResourcesBuildPhase section */
		FDEDF67924609F8900E9C4AF /* Resources */ = {
			isa = PBXResourcesBuildPhase;
			buildActionMask = 2147483647;
			files = (
				FDEDF68B24609F8B00E9C4AF /* LaunchScreen.storyboard in Resources */,
				FDEDF68824609F8B00E9C4AF /* Assets.xcassets in Resources */,
				FDEDF68624609F8900E9C4AF /* Main.storyboard in Resources */,
			);
			runOnlyForDeploymentPostprocessing = 0;
		};
/* End PBXResourcesBuildPhase section */

/* Begin PBXSourcesBuildPhase section */
		FDEDF67724609F8900E9C4AF /* Sources */ = {
			isa = PBXSourcesBuildPhase;
			buildActionMask = 2147483647;
			files = (
				FDEDF68324609F8900E9C4AF /* ViewController.swift in Sources */,
				FDEDF67F24609F8900E9C4AF /* AppDelegate.swift in Sources */,
				FD4AFC5A24612D0200CEBB3C /* WeatherManager.swift in Sources */,
				FDEDF68124609F8900E9C4AF /* SceneDelegate.swift in Sources */,
				FD4AFC5E246132ED00CEBB3C /* WeatherData.swift in Sources */,
				FD4AFC5C246131C300CEBB3C /* WeatherModel.swift in Sources */,
			);
			runOnlyForDeploymentPostprocessing = 0;
		};
/* End PBXSourcesBuildPhase section */

/* Begin PBXVariantGroup section */
		FDEDF68424609F8900E9C4AF /* Main.storyboard */ = {
			isa = PBXVariantGroup;
			children = (
				FDEDF68524609F8900E9C4AF /* Base */,
			);
			name = Main.storyboard;
			sourceTree = "<group>";
		};
		FDEDF68924609F8B00E9C4AF /* LaunchScreen.storyboard */ = {
			isa = PBXVariantGroup;
			children = (
				FDEDF68A24609F8B00E9C4AF /* Base */,
			);
			name = LaunchScreen.storyboard;
			sourceTree = "<group>";
		};
/* End PBXVariantGroup section */

/* Begin XCBuildConfiguration section */
		FDEDF68D24609F8B00E9C4AF /* Debug */ = {
			isa = XCBuildConfiguration;
			buildSettings = {
				ALWAYS_SEARCH_USER_PATHS = NO;
				CLANG_ANALYZER_NONNULL = YES;
				CLANG_ANALYZER_NUMBER_OBJECT_CONVERSION = YES_AGGRESSIVE;
				CLANG_CXX_LANGUAGE_STANDARD = "gnu++14";
				CLANG_CXX_LIBRARY = "libc++";
				CLANG_ENABLE_MODULES = YES;
				CLANG_ENABLE_OBJC_ARC = YES;
				CLANG_ENABLE_OBJC_WEAK = YES;
				CLANG_WARN_BLOCK_CAPTURE_AUTORELEASING = YES;
				CLANG_WARN_BOOL_CONVERSION = YES;
				CLANG_WARN_COMMA = YES;
				CLANG_WARN_CONSTANT_CONVERSION = YES;
				CLANG_WARN_DEPRECATED_OBJC_IMPLEMENTATIONS = YES;
				CLANG_WARN_DIRECT_OBJC_ISA_USAGE = YES_ERROR;
				CLANG_WARN_DOCUMENTATION_COMMENTS = YES;
				CLANG_WARN_EMPTY_BODY = YES;
				CLANG_WARN_ENUM_CONVERSION = YES;
				CLANG_WARN_INFINITE_RECURSION = YES;
				CLANG_WARN_INT_CONVERSION = YES;
				CLANG_WARN_NON_LITERAL_NULL_CONVERSION = YES;
				CLANG_WARN_OBJC_IMPLICIT_RETAIN_SELF = YES;
				CLANG_WARN_OBJC_LITERAL_CONVERSION = YES;
				CLANG_WARN_OBJC_ROOT_CLASS = YES_ERROR;
				CLANG_WARN_RANGE_LOOP_ANALYSIS = YES;
				CLANG_WARN_STRICT_PROTOTYPES = YES;
				CLANG_WARN_SUSPICIOUS_MOVE = YES;
				CLANG_WARN_UNGUARDED_AVAILABILITY = YES_AGGRESSIVE;
				CLANG_WARN_UNREACHABLE_CODE = YES;
				CLANG_WARN__DUPLICATE_METHOD_MATCH = YES;
				COPY_PHASE_STRIP = NO;
				DEBUG_INFORMATION_FORMAT = dwarf;
				ENABLE_STRICT_OBJC_MSGSEND = YES;
				ENABLE_TESTABILITY = YES;
				GCC_C_LANGUAGE_STANDARD = gnu11;
				GCC_DYNAMIC_NO_PIC = NO;
				GCC_NO_COMMON_BLOCKS = YES;
				GCC_OPTIMIZATION_LEVEL = 0;
				GCC_PREPROCESSOR_DEFINITIONS = (
					"DEBUG=1",
					"$(inherited)",
				);
				GCC_WARN_64_TO_32_BIT_CONVERSION = YES;
				GCC_WARN_ABOUT_RETURN_TYPE = YES_ERROR;
				GCC_WARN_UNDECLARED_SELECTOR = YES;
				GCC_WARN_UNINITIALIZED_AUTOS = YES_AGGRESSIVE;
				GCC_WARN_UNUSED_FUNCTION = YES;
				GCC_WARN_UNUSED_VARIABLE = YES;
				IPHONEOS_DEPLOYMENT_TARGET = 13.4;
				MTL_ENABLE_DEBUG_INFO = INCLUDE_SOURCE;
				MTL_FAST_MATH = YES;
				ONLY_ACTIVE_ARCH = YES;
				SDKROOT = iphoneos;
				SWIFT_ACTIVE_COMPILATION_CONDITIONS = DEBUG;
				SWIFT_OPTIMIZATION_LEVEL = "-Onone";
			};
			name = Debug;
		};
		FDEDF68E24609F8B00E9C4AF /* Release */ = {
			isa = XCBuildConfiguration;
			buildSettings = {
				ALWAYS_SEARCH_USER_PATHS = NO;
				CLANG_ANALYZER_NONNULL = YES;
				CLANG_ANALYZER_NUMBER_OBJECT_CONVERSION = YES_AGGRESSIVE;
				CLANG_CXX_LANGUAGE_STANDARD = "gnu++14";
				CLANG_CXX_LIBRARY = "libc++";
				CLANG_ENABLE_MODULES = YES;
				CLANG_ENABLE_OBJC_ARC = YES;
				CLANG_ENABLE_OBJC_WEAK = YES;
				CLANG_WARN_BLOCK_CAPTURE_AUTORELEASING = YES;
				CLANG_WARN_BOOL_CONVERSION = YES;
				CLANG_WARN_COMMA = YES;
				CLANG_WARN_CONSTANT_CONVERSION = YES;
				CLANG_WARN_DEPRECATED_OBJC_IMPLEMENTATIONS = YES;
				CLANG_WARN_DIRECT_OBJC_ISA_USAGE = YES_ERROR;
				CLANG_WARN_DOCUMENTATION_COMMENTS = YES;
				CLANG_WARN_EMPTY_BODY = YES;
				CLANG_WARN_ENUM_CONVERSION = YES;
				CLANG_WARN_INFINITE_RECURSION = YES;
				CLANG_WARN_INT_CONVERSION = YES;
				CLANG_WARN_NON_LITERAL_NULL_CONVERSION = YES;
				CLANG_WARN_OBJC_IMPLICIT_RETAIN_SELF = YES;
				CLANG_WARN_OBJC_LITERAL_CONVERSION = YES;
				CLANG_WARN_OBJC_ROOT_CLASS = YES_ERROR;
				CLANG_WARN_RANGE_LOOP_ANALYSIS = YES;
				CLANG_WARN_STRICT_PROTOTYPES = YES;
				CLANG_WARN_SUSPICIOUS_MOVE = YES;
				CLANG_WARN_UNGUARDED_AVAILABILITY = YES_AGGRESSIVE;
				CLANG_WARN_UNREACHABLE_CODE = YES;
				CLANG_WARN__DUPLICATE_METHOD_MATCH = YES;
				COPY_PHASE_STRIP = NO;
				DEBUG_INFORMATION_FORMAT = "dwarf-with-dsym";
				ENABLE_NS_ASSERTIONS = NO;
				ENABLE_STRICT_OBJC_MSGSEND = YES;
				GCC_C_LANGUAGE_STANDARD = gnu11;
				GCC_NO_COMMON_BLOCKS = YES;
				GCC_WARN_64_TO_32_BIT_CONVERSION = YES;
				GCC_WARN_ABOUT_RETURN_TYPE = YES_ERROR;
				GCC_WARN_UNDECLARED_SELECTOR = YES;
				GCC_WARN_UNINITIALIZED_AUTOS = YES_AGGRESSIVE;
				GCC_WARN_UNUSED_FUNCTION = YES;
				GCC_WARN_UNUSED_VARIABLE = YES;
				IPHONEOS_DEPLOYMENT_TARGET = 13.4;
				MTL_ENABLE_DEBUG_INFO = NO;
				MTL_FAST_MATH = YES;
				SDKROOT = iphoneos;
				SWIFT_COMPILATION_MODE = wholemodule;
				SWIFT_OPTIMIZATION_LEVEL = "-O";
				VALIDATE_PRODUCT = YES;
			};
			name = Release;
		};
		FDEDF69024609F8B00E9C4AF /* Debug */ = {
			isa = XCBuildConfiguration;
			buildSettings = {
				ASSETCATALOG_COMPILER_APPICON_NAME = AppIcon;
				CODE_SIGN_STYLE = Automatic;
				INFOPLIST_FILE = "Weatheria-iOS13/Info.plist";
				LD_RUNPATH_SEARCH_PATHS = (
					"$(inherited)",
					"@executable_path/Frameworks",
				);
				PRODUCT_BUNDLE_IDENTIFIER = "com.dandunadi.Weatheria-iOS13";
				PRODUCT_NAME = "$(TARGET_NAME)";
				SWIFT_VERSION = 5.0;
				TARGETED_DEVICE_FAMILY = "1,2";
			};
			name = Debug;
		};
		FDEDF69124609F8B00E9C4AF /* Release */ = {
			isa = XCBuildConfiguration;
			buildSettings = {
				ASSETCATALOG_COMPILER_APPICON_NAME = AppIcon;
				CODE_SIGN_STYLE = Automatic;
				INFOPLIST_FILE = "Weatheria-iOS13/Info.plist";
				LD_RUNPATH_SEARCH_PATHS = (
					"$(inherited)",
					"@executable_path/Frameworks",
				);
				PRODUCT_BUNDLE_IDENTIFIER = "com.dandunadi.Weatheria-iOS13";
				PRODUCT_NAME = "$(TARGET_NAME)";
				SWIFT_VERSION = 5.0;
				TARGETED_DEVICE_FAMILY = "1,2";
			};
			name = Release;
		};
/* End XCBuildConfiguration section */

/* Begin XCConfigurationList section */
		FDEDF67624609F8900E9C4AF /* Build configuration list for PBXProject "Weatheria-iOS13" */ = {
			isa = XCConfigurationList;
			buildConfigurations = (
				FDEDF68D24609F8B00E9C4AF /* Debug */,
				FDEDF68E24609F8B00E9C4AF /* Release */,
			);
			defaultConfigurationIsVisible = 0;
			defaultConfigurationName = Release;
		};
		FDEDF68F24609F8B00E9C4AF /* Build configuration list for PBXNativeTarget "Weatheria-iOS13" */ = {
			isa = XCConfigurationList;
			buildConfigurations = (
				FDEDF69024609F8B00E9C4AF /* Debug */,
				FDEDF69124609F8B00E9C4AF /* Release */,
			);
			defaultConfigurationIsVisible = 0;
			defaultConfigurationName = Release;
		};
/* End XCConfigurationList section */
	};
	rootObject = FDEDF67324609F8900E9C4AF /* Project object */;
}
